
Microsoft Visual Studio Solution File, Format Version 12.00
# Visual Studio 15
VisualStudioVersion = 15.0.26430.14
MinimumVisualStudioVersion = 10.0.40219.1
Project("{FAE04EC0-301F-11D3-BF4B-00C04F79EFBC}") = "AutomobileServiceProvider", "AutomobileServiceProvider\AutomobileServiceProvider.csproj", "{8B791484-2B15-4746-958B-3FFC7C80031C}"
EndProject
Project("{FAE04EC0-301F-11D3-BF4B-00C04F79EFBC}") = "AutomobileServiceProvider.Tests", "AutomobileServiceProvider.Tests\AutomobileServiceProvider.Tests.csproj", "{E46F3891-B874-4A6E-8257-3A01F877F213}"
EndProject
Global
	GlobalSection(SolutionConfigurationPlatforms) = preSolution
		Debug|Any CPU = Debug|Any CPU
		Release|Any CPU = Release|Any CPU
	EndGlobalSection
	GlobalSection(ProjectConfigurationPlatforms) = postSolution
		{8B791484-2B15-4746-958B-3FFC7C80031C}.Debug|Any CPU.ActiveCfg = Debug|Any CPU
		{8B791484-2B15-4746-958B-3FFC7C80031C}.Debug|Any CPU.Build.0 = Debug|Any CPU
		{8B791484-2B15-4746-958B-3FFC7C80031C}.Release|Any CPU.ActiveCfg = Release|Any CPU
		{8B791484-2B15-4746-958B-3FFC7C80031C}.Release|Any CPU.Build.0 = Release|Any CPU
		{E46F3891-B874-4A6E-8257-3A01F877F213}.Debug|Any CPU.ActiveCfg = Debug|Any CPU
		{E46F3891-B874-4A6E-8257-3A01F877F213}.Debug|Any CPU.Build.0 = Debug|Any CPU
		{E46F3891-B874-4A6E-8257-3A01F877F213}.Release|Any CPU.ActiveCfg = Release|Any CPU
		{E46F3891-B874-4A6E-8257-3A01F877F213}.Release|Any CPU.Build.0 = Release|Any CPU
	EndGlobalSection
	GlobalSection(SolutionProperties) = preSolution
		HideSolutionNode = FALSE
	EndGlobalSection
EndGlobal
